
Microsoft Visual Studio Solution File, Format Version 12.00
# Visual Studio Version 17
VisualStudioVersion = 17.14.36414.22 d17.14
MinimumVisualStudioVersion = 10.0.40219.1
Project("{FAE04EC0-301F-11D3-BF4B-00C04F79EFBC}") = "Buoi4", "Buoi4\Buoi4.csproj", "{2AA8C6E4-E223-45EB-ADA2-B49561C821BC}"
EndProject
Global
	GlobalSection(SolutionConfigurationPlatforms) = preSolution
		Debug|Any CPU = Debug|Any CPU
		Release|Any CPU = Release|Any CPU
	EndGlobalSection
	GlobalSection(ProjectConfigurationPlatforms) = postSolution
		{2AA8C6E4-E223-45EB-ADA2-B49561C821BC}.Debug|Any CPU.ActiveCfg = Debug|Any CPU
		{2AA8C6E4-E223-45EB-ADA2-B49561C821BC}.Debug|Any CPU.Build.0 = Debug|Any CPU
		{2AA8C6E4-E223-45EB-ADA2-B49561C821BC}.Release|Any CPU.ActiveCfg = Release|Any CPU
		{2AA8C6E4-E223-45EB-ADA2-B49561C821BC}.Release|Any CPU.Build.0 = Release|Any CPU
	EndGlobalSection
	GlobalSection(SolutionProperties) = preSolution
		HideSolutionNode = FALSE
	EndGlobalSection
	GlobalSection(ExtensibilityGlobals) = postSolution
		SolutionGuid = {0E6E03F5-97DA-4A1A-9C4D-09D6ED7FB106}
	EndGlobalSection
EndGlobal
